{
  "version": 4,
  "terraform_version": "1.11.0",
  "serial": 17,
  "lineage": "90cf6028-ff92-7bbe-5a25-c647e6672273",
  "outputs": {},
  "resources": [
    {
      "module": "module.convertr_api_gateway",
      "mode": "managed",
      "type": "aws_api_gateway_method",
      "name": "convertr_method",
      "provider": "provider[\"registry.terraform.io/hashicorp/aws\"]",
      "instances": [
        {
          "schema_version": 0,
          "attributes": {
            "api_key_required": false,
            "authorization": "NONE",
            "authorization_scopes": [],
            "authorizer_id": "",
            "http_method": "POST",
            "id": "agm-nx987pnw6f-xrhv8s-POST",
            "operation_name": "",
            "request_models": {},
            "request_parameters": {},
            "request_validator_id": "",
            "resource_id": "xrhv8s",
            "rest_api_id": "nx987pnw6f"
          },
          "sensitive_attributes": [],
          "private": "bnVsbA==",
          "dependencies": [
            "module.convertr_api_gateway.aws_api_gateway_resource.convertr_path",
            "module.convertr_api_gateway.aws_api_gateway_rest_api.convertr_api"
          ]
        }
      ]
    },
    {
      "module": "module.convertr_api_gateway",
      "mode": "managed",
      "type": "aws_api_gateway_resource",
      "name": "convertr_path",
      "provider": "provider[\"registry.terraform.io/hashicorp/aws\"]",
      "instances": [
        {
          "schema_version": 0,
          "attributes": {
            "id": "xrhv8s",
            "parent_id": "99c5ioh755",
            "path": "/convertr",
            "path_part": "convertr",
            "rest_api_id": "nx987pnw6f"
          },
          "sensitive_attributes": [],
          "private": "bnVsbA==",
          "dependencies": [
            "module.convertr_api_gateway.aws_api_gateway_rest_api.convertr_api"
          ]
        }
      ]
    },
    {
      "module": "module.convertr_api_gateway",
      "mode": "managed",
      "type": "aws_api_gateway_rest_api",
      "name": "convertr_api",
      "provider": "provider[\"registry.terraform.io/hashicorp/aws\"]",
      "instances": [
        {
          "schema_version": 0,
          "attributes": {
            "api_key_source": "HEADER",
            "arn": "arn:aws:apigateway:eu-west-2::/restapis/nx987pnw6f",
            "binary_media_types": [],
            "body": null,
            "created_date": "2025-05-21T06:39:03Z",
            "description": "My convertr API Gateway",
            "disable_execute_api_endpoint": false,
            "endpoint_configuration": [
              {
                "ip_address_type": "ipv4",
                "types": [
                  "REGIONAL"
                ],
                "vpc_endpoint_ids": []
              }
            ],
            "execution_arn": "arn:aws:execute-api:eu-west-2:056586966152:nx987pnw6f",
            "fail_on_warnings": null,
            "id": "nx987pnw6f",
            "minimum_compression_size": "",
            "name": "convertr",
            "parameters": null,
            "policy": "",
            "put_rest_api_mode": null,
            "root_resource_id": "99c5ioh755",
            "tags": {},
            "tags_all": {}
          },
          "sensitive_attributes": [],
          "private": "bnVsbA=="
        }
      ]
    },
    {
      "module": "module.convertr_lambda",
      "mode": "data",
      "type": "archive_file",
      "name": "convertr_lambda_archive",
      "provider": "provider[\"registry.terraform.io/hashicorp/archive\"]",
      "instances": [
        {
          "schema_version": 0,
          "attributes": {
            "exclude_symlink_directories": null,
            "excludes": null,
            "id": "13bd189ebc6f24d83a75f8bf2d3da7178421dd5d",
            "output_base64sha256": "zXpq9IxUa6PSI947cA9VYe5kgr6vCFVIPRk9lagxzS8=",
            "output_base64sha512": "OVTccqYVBJw/FIbp3Tksc//jIz0EhawbKQ7uzPel4pTThuThKCGiaI4QUp7zA178o2bc2ai7USF+N6NzXNBzwA==",
            "output_file_mode": null,
            "output_md5": "e167ef549e758220914dbb43c02ea192",
            "output_path": "convertr_lambda_function.zip",
            "output_sha": "13bd189ebc6f24d83a75f8bf2d3da7178421dd5d",
            "output_sha256": "cd7a6af48c546ba3d223de3b700f5561ee6482beaf0855483d193d95a831cd2f",
            "output_sha512": "3954dc72a615049c3f1486e9dd392c73ffe3233d0485ac1b290eeeccf7a5e294d386e4e12821a2688e10529ef3035efca366dcd9a8bb51217e37a3735cd073c0",
            "output_size": 1195,
            "source": [],
            "source_content": null,
            "source_content_filename": null,
            "source_dir": null,
            "source_file": "convertr_lambda.py",
            "type": "zip"
          },
          "sensitive_attributes": []
        }
      ]
    },
    {
      "module": "module.convertr_lambda",
      "mode": "data",
      "type": "aws_iam_policy_document",
      "name": "convertr_lambda_policy",
      "provider": "provider[\"registry.terraform.io/hashicorp/aws\"]",
      "instances": [
        {
          "schema_version": 0,
          "attributes": {
            "id": "2690255455",
            "json": "{\n  \"Version\": \"2012-10-17\",\n  \"Statement\": [\n    {\n      \"Effect\": \"Allow\",\n      \"Action\": \"sts:AssumeRole\",\n      \"Principal\": {\n        \"Service\": \"lambda.amazonaws.com\"\n      }\n    }\n  ]\n}",
            "minified_json": "{\"Version\":\"2012-10-17\",\"Statement\":[{\"Effect\":\"Allow\",\"Action\":\"sts:AssumeRole\",\"Principal\":{\"Service\":\"lambda.amazonaws.com\"}}]}",
            "override_json": null,
            "override_policy_documents": null,
            "policy_id": null,
            "source_json": null,
            "source_policy_documents": null,
            "statement": [
              {
                "actions": [
                  "sts:AssumeRole"
                ],
                "condition": [],
                "effect": "Allow",
                "not_actions": [],
                "not_principals": [],
                "not_resources": [],
                "principals": [
                  {
                    "identifiers": [
                      "lambda.amazonaws.com"
                    ],
                    "type": "Service"
                  }
                ],
                "resources": [],
                "sid": ""
              }
            ],
            "version": "2012-10-17"
          },
          "sensitive_attributes": []
        }
      ]
    },
    {
      "module": "module.convertr_lambda",
      "mode": "managed",
      "type": "aws_iam_role",
      "name": "convertr_lambda_role",
      "provider": "provider[\"registry.terraform.io/hashicorp/aws\"]",
      "instances": [
        {
          "schema_version": 0,
          "attributes": {
            "arn": "arn:aws:iam::056586966152:role/convertr_lambda",
            "assume_role_policy": "{\"Statement\":[{\"Action\":\"sts:AssumeRole\",\"Effect\":\"Allow\",\"Principal\":{\"Service\":\"lambda.amazonaws.com\"}}],\"Version\":\"2012-10-17\"}",
            "create_date": "2025-05-21T06:39:30Z",
            "description": "",
            "force_detach_policies": false,
            "id": "convertr_lambda",
            "inline_policy": [],
            "managed_policy_arns": [],
            "max_session_duration": 3600,
            "name": "convertr_lambda",
            "name_prefix": "",
            "path": "/",
            "permissions_boundary": "",
            "tags": {},
            "tags_all": {},
            "unique_id": "AROAQ2LGYSSEGCTPGQ5GT"
          },
          "sensitive_attributes": [],
          "private": "bnVsbA==",
          "dependencies": [
            "module.convertr_lambda.data.aws_iam_policy_document.convertr_lambda_policy"
          ]
        }
      ]
    },
    {
      "module": "module.convertr_lambda",
      "mode": "managed",
      "type": "aws_lambda_function",
      "name": "convertr_lambda",
      "provider": "provider[\"registry.terraform.io/hashicorp/aws\"]",
      "instances": [
        {
          "schema_version": 0,
          "attributes": {
            "architectures": [
              "x86_64"
            ],
            "arn": "arn:aws:lambda:eu-west-2:056586966152:function:convertr_lambda_function",
            "code_sha256": "zXpq9IxUa6PSI947cA9VYe5kgr6vCFVIPRk9lagxzS8=",
            "code_signing_config_arn": "",
            "dead_letter_config": [],
            "description": "",
            "environment": [
              {
                "variables": {
                  "foo": "bar"
                }
              }
            ],
            "ephemeral_storage": [
              {
                "size": 512
              }
            ],
            "file_system_config": [],
            "filename": "convertr_lambda_function.zip",
            "function_name": "convertr_lambda_function",
            "handler": "index.handler",
            "id": "convertr_lambda_function",
            "image_config": [],
            "image_uri": "",
            "invoke_arn": "arn:aws:apigateway:eu-west-2:lambda:path/2015-03-31/functions/arn:aws:lambda:eu-west-2:056586966152:function:convertr_lambda_function/invocations",
            "kms_key_arn": "",
            "last_modified": "2025-05-21T06:39:39.596+0000",
            "layers": [],
            "logging_config": [
              {
                "application_log_level": "",
                "log_format": "Text",
                "log_group": "/aws/lambda/convertr_lambda_function",
                "system_log_level": ""
              }
            ],
            "memory_size": 128,
            "package_type": "Zip",
            "publish": false,
            "qualified_arn": "arn:aws:lambda:eu-west-2:056586966152:function:convertr_lambda_function:$LATEST",
            "qualified_invoke_arn": "arn:aws:apigateway:eu-west-2:lambda:path/2015-03-31/functions/arn:aws:lambda:eu-west-2:056586966152:function:convertr_lambda_function:$LATEST/invocations",
            "replace_security_groups_on_destroy": null,
            "replacement_security_group_ids": null,
            "reserved_concurrent_executions": -1,
            "role": "arn:aws:iam::056586966152:role/convertr_lambda",
            "runtime": "python3.13",
            "s3_bucket": null,
            "s3_key": null,
            "s3_object_version": null,
            "signing_job_arn": "",
            "signing_profile_version_arn": "",
            "skip_destroy": false,
            "snap_start": [],
            "source_code_hash": "zXpq9IxUa6PSI947cA9VYe5kgr6vCFVIPRk9lagxzS8=",
            "source_code_size": 1195,
            "tags": {},
            "tags_all": {},
            "timeout": 3,
            "timeouts": null,
            "tracing_config": [
              {
                "mode": "PassThrough"
              }
            ],
            "version": "$LATEST",
            "vpc_config": []
          },
          "sensitive_attributes": [],
          "private": "eyJlMmJmYjczMC1lY2FhLTExZTYtOGY4OC0zNDM2M2JjN2M0YzAiOnsiY3JlYXRlIjo2MDAwMDAwMDAwMDAsImRlbGV0ZSI6NjAwMDAwMDAwMDAwLCJ1cGRhdGUiOjYwMDAwMDAwMDAwMH19",
          "dependencies": [
            "module.convertr_lambda.aws_iam_role.convertr_lambda_role",
            "module.convertr_lambda.data.archive_file.convertr_lambda_archive",
            "module.convertr_lambda.data.aws_iam_policy_document.convertr_lambda_policy"
          ]
        }
      ]
    },
    {
      "module": "module.convertr_s3",
      "mode": "managed",
      "type": "aws_s3_bucket",
      "name": "convertr",
      "provider": "provider[\"registry.terraform.io/hashicorp/aws\"]",
      "instances": [
        {
          "schema_version": 0,
          "attributes": {
            "acceleration_status": "",
            "acl": null,
            "arn": "arn:aws:s3:::convertr-bucket",
            "bucket": "convertr-bucket",
            "bucket_domain_name": "convertr-bucket.s3.amazonaws.com",
            "bucket_prefix": "",
            "bucket_regional_domain_name": "convertr-bucket.s3.eu-west-2.amazonaws.com",
            "cors_rule": [],
            "force_destroy": false,
            "grant": [
              {
                "id": "d2bdc0f2cc782776a3f47c6b6d34694ac4eb59fe97c379090dec72504411edad",
                "permissions": [
                  "FULL_CONTROL"
                ],
                "type": "CanonicalUser",
                "uri": ""
              }
            ],
            "hosted_zone_id": "Z3GKZC51ZF0DB4",
            "id": "convertr-bucket",
            "lifecycle_rule": [],
            "logging": [],
            "object_lock_configuration": [],
            "object_lock_enabled": false,
            "policy": "",
            "region": "eu-west-2",
            "replication_configuration": [],
            "request_payer": "BucketOwner",
            "server_side_encryption_configuration": [
              {
                "rule": [
                  {
                    "apply_server_side_encryption_by_default": [
                      {
                        "kms_master_key_id": "",
                        "sse_algorithm": "AES256"
                      }
                    ],
                    "bucket_key_enabled": false
                  }
                ]
              }
            ],
            "tags": {
              "environment": "development",
              "project": "convertr-demo"
            },
            "tags_all": {
              "environment": "development",
              "project": "convertr-demo"
            },
            "timeouts": null,
            "versioning": [
              {
                "enabled": false,
                "mfa_delete": false
              }
            ],
            "website": [],
            "website_domain": null,
            "website_endpoint": null
          },
          "sensitive_attributes": [],
          "private": "eyJlMmJmYjczMC1lY2FhLTExZTYtOGY4OC0zNDM2M2JjN2M0YzAiOnsiY3JlYXRlIjoxMjAwMDAwMDAwMDAwLCJkZWxldGUiOjM2MDAwMDAwMDAwMDAsInJlYWQiOjEyMDAwMDAwMDAwMDAsInVwZGF0ZSI6MTIwMDAwMDAwMDAwMH19"
        }
      ]
    },
    {
      "module": "module.convertr_vpc",
      "mode": "managed",
      "type": "aws_vpc",
      "name": "convertr",
      "provider": "provider[\"registry.terraform.io/hashicorp/aws\"]",
      "instances": [
        {
          "schema_version": 1,
          "attributes": {
            "arn": "arn:aws:ec2:eu-west-2:056586966152:vpc/vpc-09ef0bf517c2ee557",
            "assign_generated_ipv6_cidr_block": false,
            "cidr_block": "10.0.0.0/16",
            "default_network_acl_id": "acl-007f7ee0068059b40",
            "default_route_table_id": "rtb-0d277ba08dbe0d81d",
            "default_security_group_id": "sg-053ded19191a00197",
            "dhcp_options_id": "dopt-5a40d732",
            "enable_dns_hostnames": false,
            "enable_dns_support": true,
            "enable_network_address_usage_metrics": false,
            "id": "vpc-09ef0bf517c2ee557",
            "instance_tenancy": "default",
            "ipv4_ipam_pool_id": null,
            "ipv4_netmask_length": null,
            "ipv6_association_id": "",
            "ipv6_cidr_block": "",
            "ipv6_cidr_block_network_border_group": "",
            "ipv6_ipam_pool_id": "",
            "ipv6_netmask_length": 0,
            "main_route_table_id": "rtb-0d277ba08dbe0d81d",
            "owner_id": "056586966152",
            "tags": {},
            "tags_all": {}
          },
          "sensitive_attributes": [],
          "private": "eyJzY2hlbWFfdmVyc2lvbiI6IjEifQ=="
        }
      ]
    }
  ],
  "check_results": null
}
